
Microsoft Visual Studio Solution File, Format Version 12.00
# Visual Studio Version 16
VisualStudioVersion = 16.0.31729.503
MinimumVisualStudioVersion = 10.0.40219.1
Project("{FAE04EC0-301F-11D3-BF4B-00C04F79EFBC}") = "nb_magique_console", "nb_magique_console\nb_magique_console.csproj", "{B06D91AF-85E0-4F4E-97AB-1143A70E5DE5}"
EndProject
Global
	GlobalSection(SolutionConfigurationPlatforms) = preSolution
		Debug|Any CPU = Debug|Any CPU
		Release|Any CPU = Release|Any CPU
	EndGlobalSection
	GlobalSection(ProjectConfigurationPlatforms) = postSolution
		{B06D91AF-85E0-4F4E-97AB-1143A70E5DE5}.Debug|Any CPU.ActiveCfg = Debug|Any CPU
		{B06D91AF-85E0-4F4E-97AB-1143A70E5DE5}.Debug|Any CPU.Build.0 = Debug|Any CPU
		{B06D91AF-85E0-4F4E-97AB-1143A70E5DE5}.Release|Any CPU.ActiveCfg = Release|Any CPU
		{B06D91AF-85E0-4F4E-97AB-1143A70E5DE5}.Release|Any CPU.Build.0 = Release|Any CPU
	EndGlobalSection
	GlobalSection(SolutionProperties) = preSolution
		HideSolutionNode = FALSE
	EndGlobalSection
	GlobalSection(ExtensibilityGlobals) = postSolution
		SolutionGuid = {203F0E33-953F-4477-B95D-3E828663F388}
	EndGlobalSection
EndGlobal
